
Microsoft Visual Studio Solution File, Format Version 12.00
# Visual Studio Version 16
VisualStudioVersion = 16.0.808.2
MinimumVisualStudioVersion = 10.0.40219.1
Project("{FAE04EC0-301F-11D3-BF4B-00C04F79EFBC}") = "Game", "Game\Game.csproj", "{02DB8637-0726-4EC5-B638-D4FE2CA3F94D}"
EndProject
Project("{FAE04EC0-301F-11D3-BF4B-00C04F79EFBC}") = "MyUnitTest", "MyUnitTest\MyUnitTest.csproj", "{9939D2AE-DCBC-4735-A4A5-EDCFD1B0D3FC}"
EndProject
Global
	GlobalSection(SolutionConfigurationPlatforms) = preSolution
		Debug|Any CPU = Debug|Any CPU
		Release|Any CPU = Release|Any CPU
	EndGlobalSection
	GlobalSection(ProjectConfigurationPlatforms) = postSolution
		{02DB8637-0726-4EC5-B638-D4FE2CA3F94D}.Debug|Any CPU.ActiveCfg = Debug|Any CPU
		{02DB8637-0726-4EC5-B638-D4FE2CA3F94D}.Debug|Any CPU.Build.0 = Debug|Any CPU
		{02DB8637-0726-4EC5-B638-D4FE2CA3F94D}.Release|Any CPU.ActiveCfg = Release|Any CPU
		{02DB8637-0726-4EC5-B638-D4FE2CA3F94D}.Release|Any CPU.Build.0 = Release|Any CPU
		{9939D2AE-DCBC-4735-A4A5-EDCFD1B0D3FC}.Debug|Any CPU.ActiveCfg = Debug|Any CPU
		{9939D2AE-DCBC-4735-A4A5-EDCFD1B0D3FC}.Debug|Any CPU.Build.0 = Debug|Any CPU
		{9939D2AE-DCBC-4735-A4A5-EDCFD1B0D3FC}.Release|Any CPU.ActiveCfg = Release|Any CPU
		{9939D2AE-DCBC-4735-A4A5-EDCFD1B0D3FC}.Release|Any CPU.Build.0 = Release|Any CPU
	EndGlobalSection
	GlobalSection(SolutionProperties) = preSolution
		HideSolutionNode = FALSE
	EndGlobalSection
	GlobalSection(ExtensibilityGlobals) = postSolution
		SolutionGuid = {4005CB43-9733-45E3-A98F-99DCF29F6996}
	EndGlobalSection
EndGlobal
